
Microsoft Visual Studio Solution File, Format Version 12.00
# Visual Studio Version 17
VisualStudioVersion = 17.6.33712.159
MinimumVisualStudioVersion = 10.0.40219.1
Project("{FAE04EC0-301F-11D3-BF4B-00C04F79EFBC}") = "barvičky", "barvičky\barvičky.csproj", "{BBE94CE2-B031-4329-A413-2AB57BD28A27}"
EndProject
Global
	GlobalSection(SolutionConfigurationPlatforms) = preSolution
		Debug|Any CPU = Debug|Any CPU
		Release|Any CPU = Release|Any CPU
	EndGlobalSection
	GlobalSection(ProjectConfigurationPlatforms) = postSolution
		{BBE94CE2-B031-4329-A413-2AB57BD28A27}.Debug|Any CPU.ActiveCfg = Debug|Any CPU
		{BBE94CE2-B031-4329-A413-2AB57BD28A27}.Debug|Any CPU.Build.0 = Debug|Any CPU
		{BBE94CE2-B031-4329-A413-2AB57BD28A27}.Release|Any CPU.ActiveCfg = Release|Any CPU
		{BBE94CE2-B031-4329-A413-2AB57BD28A27}.Release|Any CPU.Build.0 = Release|Any CPU
	EndGlobalSection
	GlobalSection(SolutionProperties) = preSolution
		HideSolutionNode = FALSE
	EndGlobalSection
	GlobalSection(ExtensibilityGlobals) = postSolution
		SolutionGuid = {BFA76BCF-EBAC-4E07-A94F-A8B8A1FD45A8}
	EndGlobalSection
EndGlobal
